{
  "name": "formal-languages-typescript",
  "lockfileVersion": 3,
  "requires": true,
  "packages": {
    "": {
      "dependencies": {
        "@lezer/common": "^1.5.0",
        "@lezer/generator": "^1.8.0",
        "@lezer/lr": "^1.4.7",
        "@viz-js/viz": "^3.24.0",
        "entities": "^7.0.0",
        "recursive-set": "^8.0.0",
        "typescript": "^5.9.3"
      },
      "devDependencies": {
        "prettier": "^3.7.4"
      }
    },
    "node_modules/@lezer/common": {
      "version": "1.5.0",
      "resolved": "https://registry.npmjs.org/@lezer/common/-/common-1.5.0.tgz",
      "integrity": "sha512-PNGcolp9hr4PJdXR4ix7XtixDrClScvtSCYW3rQG106oVMOOI+jFb+0+J3mbeL/53g1Zd6s0kJzaw6Ri68GmAA==",
      "license": "MIT"
    },
    "node_modules/@lezer/generator": {
      "version": "1.8.0",
      "resolved": "https://registry.npmjs.org/@lezer/generator/-/generator-1.8.0.tgz",
      "integrity": "sha512-/SF4EDWowPqV1jOgoGSGTIFsE7Ezdr7ZYxyihl5eMKVO5tlnpIhFcDavgm1hHY5GEonoOAEnJ0CU0x+tvuAuUg==",
      "license": "MIT",
      "dependencies": {
        "@lezer/common": "^1.1.0",
        "@lezer/lr": "^1.3.0"
      },
      "bin": {
        "lezer-generator": "src/lezer-generator.cjs"
      }
    },
    "node_modules/@lezer/lr": {
      "version": "1.4.7",
      "resolved": "https://registry.npmjs.org/@lezer/lr/-/lr-1.4.7.tgz",
      "integrity": "sha512-wNIFWdSUfX9Jc6ePMzxSPVgTVB4EOfDIwLQLWASyiUdHKaMsiilj9bYiGkGQCKVodd0x6bgQCV207PILGFCF9Q==",
      "license": "MIT",
      "dependencies": {
        "@lezer/common": "^1.0.0"
      }
    },
    "node_modules/@viz-js/viz": {
      "version": "3.24.0",
      "resolved": "https://registry.npmjs.org/@viz-js/viz/-/viz-3.24.0.tgz",
      "integrity": "sha512-sTRz2cFN6PwICVC7GVlF2aYNAZ/LwF7Y1mp3B+8LXQ7otyHrzQYSzNBwJ4lctL/aS3x97ppw59z6zIW+wPs6bQ==",
      "license": "MIT"
    },
    "node_modules/entities": {
      "version": "7.0.0",
      "resolved": "https://registry.npmjs.org/entities/-/entities-7.0.0.tgz",
      "integrity": "sha512-FDWG5cmEYf2Z00IkYRhbFrwIwvdFKH07uV8dvNy0omp/Qb1xcyCWp2UDtcwJF4QZZvk0sLudP6/hAu42TaqVhQ==",
      "license": "BSD-2-Clause",
      "engines": {
        "node": ">=0.12"
      },
      "funding": {
        "url": "https://github.com/fb55/entities?sponsor=1"
      }
    },
    "node_modules/prettier": {
      "version": "3.7.4",
      "resolved": "https://registry.npmjs.org/prettier/-/prettier-3.7.4.tgz",
      "integrity": "sha512-v6UNi1+3hSlVvv8fSaoUbggEM5VErKmmpGA7Pl3HF8V6uKY7rvClBOJlH6yNwQtfTueNkGVpOv/mtWL9L4bgRA==",
      "dev": true,
      "license": "MIT",
      "bin": {
        "prettier": "bin/prettier.cjs"
      },
      "engines": {
        "node": ">=14"
      },
      "funding": {
        "url": "https://github.com/prettier/prettier?sponsor=1"
      }
    },
    "node_modules/recursive-set": {
      "version": "8.0.0",
      "resolved": "https://registry.npmjs.org/recursive-set/-/recursive-set-8.0.0.tgz",
      "integrity": "sha512-i2eqgI6hsb7iOH9feQfvf3/SQ1sJwhzABEHepfeYl3FV1R8N2/Z2wLP+gxNH2vxd2ZcEBn9cxAsfcrY6q5CfYA==",
      "license": "MIT"
    },
    "node_modules/typescript": {
      "version": "5.9.3",
      "resolved": "https://registry.npmjs.org/typescript/-/typescript-5.9.3.tgz",
      "integrity": "sha512-jl1vZzPDinLr9eUt3J/t7V6FgNEw9QjvBPdysz9KfQDD41fQrC2Y4vKQdiaUpFT4bXlb1RHhLpp8wtm6M5TgSw==",
      "license": "Apache-2.0",
      "bin": {
        "tsc": "bin/tsc",
        "tsserver": "bin/tsserver"
      },
      "engines": {
        "node": ">=14.17"
      }
    }
  }
}
