{
  "name": "formal-languages-typescript",
  "lockfileVersion": 3,
  "requires": true,
  "packages": {
    "": {
      "dependencies": {
        "@lezer/common": "^1.5.0",
        "@lezer/generator": "^1.8.0",
        "@lezer/lr": "^1.4.7",
        "@viz-js/viz": "^3.24.0",
        "chevrotain": "^10.5.0",
        "entities": "^7.0.0",
        "recursive-set": "^7.0.1"
      },
      "devDependencies": {
        "prettier": "^3.7.4"
      }
    },
    "node_modules/@chevrotain/cst-dts-gen": {
      "version": "10.5.0",
      "resolved": "https://registry.npmjs.org/@chevrotain/cst-dts-gen/-/cst-dts-gen-10.5.0.tgz",
      "integrity": "sha512-lhmC/FyqQ2o7pGK4Om+hzuDrm9rhFYIJ/AXoQBeongmn870Xeb0L6oGEiuR8nohFNL5sMaQEJWCxr1oIVIVXrw==",
      "license": "Apache-2.0",
      "dependencies": {
        "@chevrotain/gast": "10.5.0",
        "@chevrotain/types": "10.5.0",
        "lodash": "4.17.21"
      }
    },
    "node_modules/@chevrotain/gast": {
      "version": "10.5.0",
      "resolved": "https://registry.npmjs.org/@chevrotain/gast/-/gast-10.5.0.tgz",
      "integrity": "sha512-pXdMJ9XeDAbgOWKuD1Fldz4ieCs6+nLNmyVhe2gZVqoO7v8HXuHYs5OV2EzUtbuai37TlOAQHrTDvxMnvMJz3A==",
      "license": "Apache-2.0",
      "dependencies": {
        "@chevrotain/types": "10.5.0",
        "lodash": "4.17.21"
      }
    },
    "node_modules/@chevrotain/types": {
      "version": "10.5.0",
      "resolved": "https://registry.npmjs.org/@chevrotain/types/-/types-10.5.0.tgz",
      "integrity": "sha512-f1MAia0x/pAVPWH/T73BJVyO2XU5tI4/iE7cnxb7tqdNTNhQI3Uq3XkqcoteTmD4t1aM0LbHCJOhgIDn07kl2A==",
      "license": "Apache-2.0"
    },
    "node_modules/@chevrotain/utils": {
      "version": "10.5.0",
      "resolved": "https://registry.npmjs.org/@chevrotain/utils/-/utils-10.5.0.tgz",
      "integrity": "sha512-hBzuU5+JjB2cqNZyszkDHZgOSrUUT8V3dhgRl8Q9Gp6dAj/H5+KILGjbhDpc3Iy9qmqlm/akuOI2ut9VUtzJxQ==",
      "license": "Apache-2.0"
    },
    "node_modules/@lezer/common": {
      "version": "1.5.0",
      "resolved": "https://registry.npmjs.org/@lezer/common/-/common-1.5.0.tgz",
      "integrity": "sha512-PNGcolp9hr4PJdXR4ix7XtixDrClScvtSCYW3rQG106oVMOOI+jFb+0+J3mbeL/53g1Zd6s0kJzaw6Ri68GmAA==",
      "license": "MIT"
    },
    "node_modules/@lezer/generator": {
      "version": "1.8.0",
      "resolved": "https://registry.npmjs.org/@lezer/generator/-/generator-1.8.0.tgz",
      "integrity": "sha512-/SF4EDWowPqV1jOgoGSGTIFsE7Ezdr7ZYxyihl5eMKVO5tlnpIhFcDavgm1hHY5GEonoOAEnJ0CU0x+tvuAuUg==",
      "license": "MIT",
      "dependencies": {
        "@lezer/common": "^1.1.0",
        "@lezer/lr": "^1.3.0"
      },
      "bin": {
        "lezer-generator": "src/lezer-generator.cjs"
      }
    },
    "node_modules/@lezer/lr": {
      "version": "1.4.7",
      "resolved": "https://registry.npmjs.org/@lezer/lr/-/lr-1.4.7.tgz",
      "integrity": "sha512-wNIFWdSUfX9Jc6ePMzxSPVgTVB4EOfDIwLQLWASyiUdHKaMsiilj9bYiGkGQCKVodd0x6bgQCV207PILGFCF9Q==",
      "license": "MIT",
      "dependencies": {
        "@lezer/common": "^1.0.0"
      }
    },
    "node_modules/@viz-js/viz": {
      "version": "3.24.0",
      "resolved": "https://registry.npmjs.org/@viz-js/viz/-/viz-3.24.0.tgz",
      "integrity": "sha512-sTRz2cFN6PwICVC7GVlF2aYNAZ/LwF7Y1mp3B+8LXQ7otyHrzQYSzNBwJ4lctL/aS3x97ppw59z6zIW+wPs6bQ==",
      "license": "MIT"
    },
    "node_modules/chevrotain": {
      "version": "10.5.0",
      "resolved": "https://registry.npmjs.org/chevrotain/-/chevrotain-10.5.0.tgz",
      "integrity": "sha512-Pkv5rBY3+CsHOYfV5g/Vs5JY9WTHHDEKOlohI2XeygaZhUeqhAlldZ8Hz9cRmxu709bvS08YzxHdTPHhffc13A==",
      "license": "Apache-2.0",
      "dependencies": {
        "@chevrotain/cst-dts-gen": "10.5.0",
        "@chevrotain/gast": "10.5.0",
        "@chevrotain/types": "10.5.0",
        "@chevrotain/utils": "10.5.0",
        "lodash": "4.17.21",
        "regexp-to-ast": "0.5.0"
      }
    },
    "node_modules/entities": {
      "version": "7.0.0",
      "resolved": "https://registry.npmjs.org/entities/-/entities-7.0.0.tgz",
      "integrity": "sha512-FDWG5cmEYf2Z00IkYRhbFrwIwvdFKH07uV8dvNy0omp/Qb1xcyCWp2UDtcwJF4QZZvk0sLudP6/hAu42TaqVhQ==",
      "license": "BSD-2-Clause",
      "engines": {
        "node": ">=0.12"
      },
      "funding": {
        "url": "https://github.com/fb55/entities?sponsor=1"
      }
    },
    "node_modules/lodash": {
      "version": "4.17.21",
      "resolved": "https://registry.npmjs.org/lodash/-/lodash-4.17.21.tgz",
      "integrity": "sha512-v2kDEe57lecTulaDIuNTPy3Ry4gLGJ6Z1O3vE1krgXZNrsQ+LFTGHVxVjcXPs17LhbZVGedAJv8XZ1tvj5FvSg==",
      "license": "MIT"
    },
    "node_modules/prettier": {
      "version": "3.7.4",
      "resolved": "https://registry.npmjs.org/prettier/-/prettier-3.7.4.tgz",
      "integrity": "sha512-v6UNi1+3hSlVvv8fSaoUbggEM5VErKmmpGA7Pl3HF8V6uKY7rvClBOJlH6yNwQtfTueNkGVpOv/mtWL9L4bgRA==",
      "dev": true,
      "license": "MIT",
      "bin": {
        "prettier": "bin/prettier.cjs"
      },
      "engines": {
        "node": ">=14"
      },
      "funding": {
        "url": "https://github.com/prettier/prettier?sponsor=1"
      }
    },
    "node_modules/recursive-set": {
      "version": "7.0.1",
      "resolved": "https://registry.npmjs.org/recursive-set/-/recursive-set-7.0.1.tgz",
      "integrity": "sha512-3LRrtbJwR9bKlvBn74BxajG3wJFUT1It5hF5Qco6P9pUQs2tMsVIDooBLwIcKJf8+IlF1fnlT8fWXG0D/7jQkQ=="
    },
    "node_modules/regexp-to-ast": {
      "version": "0.5.0",
      "resolved": "https://registry.npmjs.org/regexp-to-ast/-/regexp-to-ast-0.5.0.tgz",
      "integrity": "sha512-tlbJqcMHnPKI9zSrystikWKwHkBqu2a/Sgw01h3zFjvYrMxEDYHzzoMZnUrbIfpTFEsoRnnviOXNCzFiSc54Qw==",
      "license": "MIT"
    }
  }
}
